
Microsoft Visual Studio Solution File, Format Version 12.00
# Visual Studio Version 17
VisualStudioVersion = 17.13.35931.197
MinimumVisualStudioVersion = 10.0.40219.1
Project("{FAE04EC0-301F-11D3-BF4B-00C04F79EFBC}") = "MRent.Domain", "MRent.Domain\MRent.Domain.csproj", "{37FEC736-C852-486B-84DF-B180123720C7}"
EndProject
Project("{FAE04EC0-301F-11D3-BF4B-00C04F79EFBC}") = "MRent.Infrastructure", "MRent.Infrastructure\MRent.Infrastructure.csproj", "{9428400B-46A2-4AF1-975D-D06B5A10D942}"
EndProject
Project("{FAE04EC0-301F-11D3-BF4B-00C04F79EFBC}") = "MRent.Application", "MRent.Application\MRent.Application.csproj", "{D74BC4EF-E063-4F34-B0CC-D02CC57D954D}"
EndProject
Project("{FAE04EC0-301F-11D3-BF4B-00C04F79EFBC}") = "MRent.EventBus", "MRent.EventBus\MRent.EventBus.csproj", "{4EA9AF96-084D-431A-A8F9-C869CBFD7723}"
EndProject
Project("{FAE04EC0-301F-11D3-BF4B-00C04F79EFBC}") = "MRent.WebApi", "MRent.WebApi\MRent.WebApi.csproj", "{3AD3B06B-31DF-42C9-8255-8A243411A84E}"
EndProject
Project("{2150E333-8FDC-42A3-9474-1A3956D46DE8}") = "docker", "docker", "{02EA681E-C7D8-13C7-8484-4AC65E1B71E8}"
	ProjectSection(SolutionItems) = preProject
		docker-compose.yml = docker-compose.yml
	EndProjectSection
EndProject
Project("{2150E333-8FDC-42A3-9474-1A3956D46DE8}") = "tests", "tests", "{5320F61C-075B-4D6E-B27A-7BE9D540BBB3}"
EndProject
Project("{FAE04EC0-301F-11D3-BF4B-00C04F79EFBC}") = "MRent.UnitTests", "tests\MRent.UnitTests\MRent.UnitTests.csproj", "{2130E37E-9D4C-4177-A25D-85B44A780B09}"
EndProject
Global
	GlobalSection(SolutionConfigurationPlatforms) = preSolution
		Debug|Any CPU = Debug|Any CPU
		Release|Any CPU = Release|Any CPU
	EndGlobalSection
	GlobalSection(ProjectConfigurationPlatforms) = postSolution
		{37FEC736-C852-486B-84DF-B180123720C7}.Debug|Any CPU.ActiveCfg = Debug|Any CPU
		{37FEC736-C852-486B-84DF-B180123720C7}.Debug|Any CPU.Build.0 = Debug|Any CPU
		{37FEC736-C852-486B-84DF-B180123720C7}.Release|Any CPU.ActiveCfg = Release|Any CPU
		{37FEC736-C852-486B-84DF-B180123720C7}.Release|Any CPU.Build.0 = Release|Any CPU
		{9428400B-46A2-4AF1-975D-D06B5A10D942}.Debug|Any CPU.ActiveCfg = Debug|Any CPU
		{9428400B-46A2-4AF1-975D-D06B5A10D942}.Debug|Any CPU.Build.0 = Debug|Any CPU
		{9428400B-46A2-4AF1-975D-D06B5A10D942}.Release|Any CPU.ActiveCfg = Release|Any CPU
		{9428400B-46A2-4AF1-975D-D06B5A10D942}.Release|Any CPU.Build.0 = Release|Any CPU
		{D74BC4EF-E063-4F34-B0CC-D02CC57D954D}.Debug|Any CPU.ActiveCfg = Debug|Any CPU
		{D74BC4EF-E063-4F34-B0CC-D02CC57D954D}.Debug|Any CPU.Build.0 = Debug|Any CPU
		{D74BC4EF-E063-4F34-B0CC-D02CC57D954D}.Release|Any CPU.ActiveCfg = Release|Any CPU
		{D74BC4EF-E063-4F34-B0CC-D02CC57D954D}.Release|Any CPU.Build.0 = Release|Any CPU
		{4EA9AF96-084D-431A-A8F9-C869CBFD7723}.Debug|Any CPU.ActiveCfg = Debug|Any CPU
		{4EA9AF96-084D-431A-A8F9-C869CBFD7723}.Debug|Any CPU.Build.0 = Debug|Any CPU
		{4EA9AF96-084D-431A-A8F9-C869CBFD7723}.Release|Any CPU.ActiveCfg = Release|Any CPU
		{4EA9AF96-084D-431A-A8F9-C869CBFD7723}.Release|Any CPU.Build.0 = Release|Any CPU
		{3AD3B06B-31DF-42C9-8255-8A243411A84E}.Debug|Any CPU.ActiveCfg = Debug|Any CPU
		{3AD3B06B-31DF-42C9-8255-8A243411A84E}.Debug|Any CPU.Build.0 = Debug|Any CPU
		{3AD3B06B-31DF-42C9-8255-8A243411A84E}.Release|Any CPU.ActiveCfg = Release|Any CPU
		{3AD3B06B-31DF-42C9-8255-8A243411A84E}.Release|Any CPU.Build.0 = Release|Any CPU
		{2130E37E-9D4C-4177-A25D-85B44A780B09}.Debug|Any CPU.ActiveCfg = Debug|Any CPU
		{2130E37E-9D4C-4177-A25D-85B44A780B09}.Debug|Any CPU.Build.0 = Debug|Any CPU
		{2130E37E-9D4C-4177-A25D-85B44A780B09}.Release|Any CPU.ActiveCfg = Release|Any CPU
		{2130E37E-9D4C-4177-A25D-85B44A780B09}.Release|Any CPU.Build.0 = Release|Any CPU
	EndGlobalSection
	GlobalSection(SolutionProperties) = preSolution
		HideSolutionNode = FALSE
	EndGlobalSection
	GlobalSection(NestedProjects) = preSolution
		{2130E37E-9D4C-4177-A25D-85B44A780B09} = {5320F61C-075B-4D6E-B27A-7BE9D540BBB3}
	EndGlobalSection
	GlobalSection(ExtensibilityGlobals) = postSolution
		SolutionGuid = {76277BC8-810C-4B73-99F2-28809FF5B17A}
	EndGlobalSection
EndGlobal
